
Microsoft Visual Studio Solution File, Format Version 12.00
# Visual Studio Version 17
VisualStudioVersion = 17.0.31903.59
MinimumVisualStudioVersion = 10.0.40219.1
Project("{FAE04EC0-301F-11D3-BF4B-00C04F79EFBC}") = "EasyMute", "EasyMute\EasyMute.csproj", "{3538B973-F61A-438C-88AF-41C8580DE259}"
EndProject
Global
	GlobalSection(SolutionConfigurationPlatforms) = preSolution
		Debug|Any CPU = Debug|Any CPU
		Release|Any CPU = Release|Any CPU
	EndGlobalSection
	GlobalSection(ProjectConfigurationPlatforms) = postSolution
		{3538B973-F61A-438C-88AF-41C8580DE259}.Debug|Any CPU.ActiveCfg = Debug|Any CPU
		{3538B973-F61A-438C-88AF-41C8580DE259}.Debug|Any CPU.Build.0 = Debug|Any CPU
		{3538B973-F61A-438C-88AF-41C8580DE259}.Release|Any CPU.ActiveCfg = Release|Any CPU
		{3538B973-F61A-438C-88AF-41C8580DE259}.Release|Any CPU.Build.0 = Release|Any CPU
	EndGlobalSection
	GlobalSection(SolutionProperties) = preSolution
		HideSolutionNode = FALSE
	EndGlobalSection
	GlobalSection(ExtensibilityGlobals) = postSolution
		SolutionGuid = {06F027A1-A064-4195-AED2-6CA8464D66D0}
	EndGlobalSection
EndGlobal
